<?xml version="1.0" encoding="utf-8"?>
<Project ToolsVersion="4.0" xmlns="http://schemas.microsoft.com/developer/msbuild/2003">
  <ItemGroup>
    <Filter Include="Source Files">
      <UniqueIdentifier>{4FC737F1-C7A5-4376-A066-2A32D752A2FF}</UniqueIdentifier>
      <Extensions>cpp;c;cc;cxx;def;odl;idl;hpj;bat;asm;asmx</Extensions>
    </Filter>
    <Filter Include="Header Files">
      <UniqueIdentifier>{93995380-89BD-4b04-88EB-625FBE52EBFB}</UniqueIdentifier>
      <Extensions>h;hh;hpp;hxx;hm;inl;inc;ipp;xsd</Extensions>
    </Filter>
    <Filter Include="Resource Files">
      <UniqueIdentifier>{67DA6AB6-F800-4c08-8B7A-83BB121AAD01}</UniqueIdentifier>
      <Extensions>rc;ico;cur;bmp;dlg;rc2;rct;bin;rgs;gif;jpg;jpeg;jpe;resx;tiff;tif;png;wav;mfcribbon-ms</Extensions>
    </Filter>
  </ItemGroup>
  <ItemGroup>
    <ClCompile Include="farat.cpp">
      <Filter>Source Files</Filter>
    </ClCompile>
    <ClCompile Include="numrat kompleks.cpp">
      <Filter>Source Files</Filter>
    </ClCompile>
    <ClCompile Include="referencat.cpp">
      <Filter>Source Files</Filter>
    </ClCompile>
    <ClCompile Include="llogaritje me referenca.cpp">
      <Filter>Source Files</Filter>
    </ClCompile>
    <ClCompile Include="vektor me refrenca.cpp">
      <Filter>Source Files</Filter>
    </ClCompile>
    <ClCompile Include="Source.cpp">
      <Filter>Source Files</Filter>
    </ClCompile>
    <ClCompile Include="prodhimi me pointer.cpp">
      <Filter>Source Files</Filter>
    </ClCompile>
    <ClCompile Include="Source1.cpp">
      <Filter>Source Files</Filter>
    </ClCompile>
    <ClCompile Include="d.cpp">
      <Filter>Source Files</Filter>
    </ClCompile>
    <ClCompile Include="stack.cpp">
      <Filter>Source Files</Filter>
    </ClCompile>
    <ClCompile Include="stackshembull.cpp">
      <Filter>Source Files</Filter>
    </ClCompile>
    <ClCompile Include="bin dex stack.cpp">
      <Filter>Source Files</Filter>
    </ClCompile>
    <ClCompile Include="kerkimi linear.cpp">
      <Filter>Source Files</Filter>
    </ClCompile>
    <ClCompile Include="malli.cpp">
      <Filter>Source Files</Filter>
    </ClCompile>
    <ClCompile Include="llogaritja me pointer.cpp">
      <Filter>Source Files</Filter>
    </ClCompile>
    <ClCompile Include="trashigmi klasa.cpp">
      <Filter>Source Files</Filter>
    </ClCompile>
    <ClCompile Include="vargu me klasa.cpp">
      <Filter>Source Files</Filter>
    </ClCompile>
    <ClCompile Include="llogaritje me pointera.cpp">
      <Filter>Source Files</Filter>
    </ClCompile>
    <ClCompile Include="vargjet e klasave.cpp">
      <Filter>Source Files</Filter>
    </ClCompile>
    <ClCompile Include="mediana me pointer.cpp">
      <Filter>Source Files</Filter>
    </ClCompile>
    <ClCompile Include="pointeret me vargje.cpp">
      <Filter>Source Files</Filter>
    </ClCompile>
    <ClCompile Include="adresate e vargut.cpp">
      <Filter>Source Files</Filter>
    </ClCompile>
    <ClCompile Include="pointeret me objekte.cpp">
      <Filter>Source Files</Filter>
    </ClCompile>
    <ClCompile Include="funksionet me referenca.cpp">
      <Filter>Source Files</Filter>
    </ClCompile>
    <ClCompile Include="kodet ciklike.cpp">
      <Filter>Source Files</Filter>
    </ClCompile>
    <ClCompile Include="kerkimi sekuencial.cpp">
      <Filter>Source Files</Filter>
    </ClCompile>
    <ClCompile Include="clasa aray.cpp">
      <Filter>Source Files</Filter>
    </ClCompile>
    <ClCompile Include="klasa treni.cpp">
      <Filter>Source Files</Filter>
    </ClCompile>
    <ClCompile Include="Source2.cpp">
      <Filter>Source Files</Filter>
    </ClCompile>
    <ClCompile Include="Source3.cpp">
      <Filter>Source Files</Filter>
    </ClCompile>
    <ClCompile Include="Source4.cpp">
      <Filter>Source Files</Filter>
    </ClCompile>
    <ClCompile Include="Source5.cpp">
      <Filter>Source Files</Filter>
    </ClCompile>
    <ClCompile Include="Source6.cpp">
      <Filter>Source Files</Filter>
    </ClCompile>
  </ItemGroup>
</Project>